{
  "nodes": {
    "nixpkgs": {
      "locked": {
        "lastModified": 1709503608,
        "narHash": "sha256-L+nAMSDohhw2MFrtimyDAkUJIXFaT8QSXESwzlChCoQ=",
        "owner": "nixos",
        "repo": "nixpkgs",
        "rev": "34de1a916a43a7463a4f8ff7988964840406cdda",
        "type": "github"
      },
      "original": {
        "owner": "nixos",
        "ref": "master",
        "repo": "nixpkgs",
        "type": "github"
      }
    },
    "root": {
      "inputs": {
        "nixpkgs": "nixpkgs"
      }
    }
  },
  "root": "root",
  "version": 7
}
