{
  "nodes": {
    "flake-utils": {
      "inputs": {
        "systems": [
          "systems"
        ]
      },
      "locked": {
        "lastModified": 1710146030,
        "narHash": "sha256-SZ5L6eA7HJ/nmkzGG7/ISclqe6oZdOZTNoesiInkXPQ=",
        "owner": "numtide",
        "repo": "flake-utils",
        "rev": "b1d9ab70662946ef0850d488da1c9019f3a9752a",
        "type": "github"
      },
      "original": {
        "owner": "numtide",
        "repo": "flake-utils",
        "type": "github"
      }
    },
    "nixpkgs": {
      "locked": {
        "lastModified": 1710669607,
        "narHash": "sha256-kNj0Ka1/rkQRcigYTa1c5B6IcFuxDgM3s9jYuKUhxyM=",
        "owner": "nixos",
        "repo": "nixpkgs",
        "rev": "6af7e814afb3b62171eee1edc31989ee61528d25",
        "type": "github"
      },
      "original": {
        "owner": "nixos",
        "ref": "nixpkgs-unstable",
        "repo": "nixpkgs",
        "type": "github"
      }
    },
    "root": {
      "inputs": {
        "flake-utils": "flake-utils",
        "nixpkgs": "nixpkgs",
        "systems": "systems"
      }
    },
    "systems": {
      "flake": false,
      "locked": {
        "lastModified": 1,
        "narHash": "sha256-v1UnBNHdiN0vLtX8daW11wjoQ5yJY/uhdANEJpGwSac=",
        "path": "nix-systems.nix",
        "type": "path"
      },
      "original": {
        "path": "nix-systems.nix",
        "type": "path"
      }
    }
  },
  "root": "root",
  "version": 7
}
