{
  "nodes": {
    "flake-utils": {
      "inputs": {
        "systems": "systems"
      },
      "locked": {
        "lastModified": 1687709756,
        "narHash": "sha256-Y5wKlQSkgEK2weWdOu4J3riRd+kV/VCgHsqLNTTWQ/0=",
        "owner": "numtide",
        "repo": "flake-utils",
        "rev": "dbabf0ca0c0c4bce6ea5eaf65af5cb694d2082c7",
        "type": "github"
      },
      "original": {
        "owner": "numtide",
        "repo": "flake-utils",
        "type": "github"
      }
    },
    "nixpkgs": {
      "locked": {
        "lastModified": 1687796934,
        "narHash": "sha256-tVG/L8X80ST6t96NtC1CVlDIjxlbh+dUfp3Y7saVjN4=",
        "owner": "NixOS",
        "repo": "nixpkgs",
        "rev": "744aa21bff1ba8cd184358e4180748901662abe6",
        "type": "github"
      },
      "original": {
        "owner": "NixOS",
        "repo": "nixpkgs",
        "type": "github"
      }
    },
    "root": {
      "inputs": {
        "flake-utils": "flake-utils",
        "nixpkgs": "nixpkgs",
        "sv2v": "sv2v"
      }
    },
    "sv2v": {
      "flake": false,
      "locked": {
        "lastModified": 1687636042,
        "narHash": "sha256-6TnBFIuBfYXsM9iUFQUHAwvVAzko09Q3P9xOxzaw7NM=",
        "owner": "zachjs",
        "repo": "sv2v",
        "rev": "0f8224023b3d74a8886b8bf40078aa63a5384274",
        "type": "github"
      },
      "original": {
        "owner": "zachjs",
        "repo": "sv2v",
        "type": "github"
      }
    },
    "systems": {
      "locked": {
        "lastModified": 1681028828,
        "narHash": "sha256-Vy1rq5AaRuLzOxct8nz4T6wlgyUR7zLU309k9mBC768=",
        "owner": "nix-systems",
        "repo": "default",
        "rev": "da67096a3b9bf56a91d16901293e51ba5b49a27e",
        "type": "github"
      },
      "original": {
        "owner": "nix-systems",
        "repo": "default",
        "type": "github"
      }
    }
  },
  "root": "root",
  "version": 7
}
