{
  "nodes": {
    "flake-utils": {
      "locked": {
        "lastModified": 1680776469,
        "narHash": "sha256-3CXUDK/3q/kieWtdsYpDOBJw3Gw4Af6x+2EiSnIkNQw=",
        "owner": "numtide",
        "repo": "flake-utils",
        "rev": "411e8764155aa9354dbcd6d5faaeb97e9e3dce24",
        "type": "github"
      },
      "original": {
        "owner": "numtide",
        "repo": "flake-utils",
        "type": "github"
      }
    },
    "flake-utils_": {
      "inputs": {
        "flake-utils": "flake-utils"
      },
      "locked": {
        "dir": "source-flake/flake-utils",
        "lastModified": 1680857612,
        "narHash": "sha256-AbHxjUn+IsqRmRkbeDWkN5D3a9NYBAnGrNo31c35n20=",
        "owner": "deemp",
        "repo": "flakes",
        "rev": "4fc9dbfdf25353a94786e14bddf9f7d5f75c2245",
        "type": "github"
      },
      "original": {
        "dir": "source-flake/flake-utils",
        "owner": "deemp",
        "repo": "flakes",
        "type": "github"
      }
    },
    "nixpkgs": {
      "locked": {
        "lastModified": 1680469126,
        "narHash": "sha256-aatKg1BHccfpoJqlQtXWNdEM12SRpYX56daW+BNp3Eg=",
        "owner": "NixOS",
        "repo": "nixpkgs",
        "rev": "b15e0f6c64eb252e232a46b891f115c3e13c9954",
        "type": "github"
      },
      "original": {
        "owner": "NixOS",
        "repo": "nixpkgs",
        "rev": "b15e0f6c64eb252e232a46b891f115c3e13c9954",
        "type": "github"
      }
    },
    "nixpkgs_": {
      "inputs": {
        "nixpkgs": "nixpkgs"
      },
      "locked": {
        "dir": "source-flake/nixpkgs",
        "lastModified": 1680857612,
        "narHash": "sha256-AbHxjUn+IsqRmRkbeDWkN5D3a9NYBAnGrNo31c35n20=",
        "owner": "deemp",
        "repo": "flakes",
        "rev": "4fc9dbfdf25353a94786e14bddf9f7d5f75c2245",
        "type": "github"
      },
      "original": {
        "dir": "source-flake/nixpkgs",
        "owner": "deemp",
        "repo": "flakes",
        "type": "github"
      }
    },
    "root": {
      "inputs": {
        "flake-utils": [
          "flake-utils_",
          "flake-utils"
        ],
        "flake-utils_": "flake-utils_",
        "nixpkgs": [
          "nixpkgs_",
          "nixpkgs"
        ],
        "nixpkgs_": "nixpkgs_"
      }
    }
  },
  "root": "root",
  "version": 7
}
